
Microsoft Visual Studio Solution File, Format Version 12.00
# Visual Studio Version 16
VisualStudioVersion = 16.0.31105.61
MinimumVisualStudioVersion = 10.0.40219.1
Project("{FAE04EC0-301F-11D3-BF4B-00C04F79EFBC}") = "ContadorManual.Desktop", "ContadorManual.Desktop\ContadorManual.Desktop.csproj", "{B6A6E092-5116-4C0B-B4EB-4C27838DE026}"
EndProject
Global
	GlobalSection(SolutionConfigurationPlatforms) = preSolution
		Debug|Any CPU = Debug|Any CPU
		Release|Any CPU = Release|Any CPU
	EndGlobalSection
	GlobalSection(ProjectConfigurationPlatforms) = postSolution
		{B6A6E092-5116-4C0B-B4EB-4C27838DE026}.Debug|Any CPU.ActiveCfg = Debug|Any CPU
		{B6A6E092-5116-4C0B-B4EB-4C27838DE026}.Debug|Any CPU.Build.0 = Debug|Any CPU
		{B6A6E092-5116-4C0B-B4EB-4C27838DE026}.Release|Any CPU.ActiveCfg = Release|Any CPU
		{B6A6E092-5116-4C0B-B4EB-4C27838DE026}.Release|Any CPU.Build.0 = Release|Any CPU
	EndGlobalSection
	GlobalSection(SolutionProperties) = preSolution
		HideSolutionNode = FALSE
	EndGlobalSection
	GlobalSection(ExtensibilityGlobals) = postSolution
		SolutionGuid = {9CFC6374-E062-41F6-9726-E6443F6A39EC}
	EndGlobalSection
EndGlobal
